
Microsoft Visual Studio Solution File, Format Version 12.00
# Visual Studio Version 17
VisualStudioVersion = 17.11.35312.102
MinimumVisualStudioVersion = 10.0.40219.1
Project("{8BC9CEB8-8B4A-11D0-8D11-00A0C91BC942}") = "Aufgabe1", "C_start\C_start.vcxproj", "{FD9F62F0-F756-417E-85E1-E86B09F32AB1}"
EndProject
Project("{8BC9CEB8-8B4A-11D0-8D11-00A0C91BC942}") = "Aufgabe 2", "Aufgabe 2\Aufgabe 2.vcxproj", "{A34A2184-7B5B-4DC7-809A-6DDE4CB17438}"
EndProject
Project("{8BC9CEB8-8B4A-11D0-8D11-00A0C91BC942}") = "Aufgabe 3", "Aufgabe 3\Aufgabe 3.vcxproj", "{F2270604-ABF3-43C3-AA1F-8C3BAFCDEE18}"
EndProject
Project("{8BC9CEB8-8B4A-11D0-8D11-00A0C91BC942}") = "Aufgabe 4", "Aufgabe 4\Aufgabe 4.vcxproj", "{041A6830-A711-4AEC-95D6-3DED841ACC7E}"
EndProject
Project("{8BC9CEB8-8B4A-11D0-8D11-00A0C91BC942}") = "Aufgabe 5 und 6", "Aufgabe 5 und 6\Aufgabe 5 und 6.vcxproj", "{40B74BC8-9435-4BD5-B2B8-27FEF66B8873}"
EndProject
Project("{8BC9CEB8-8B4A-11D0-8D11-00A0C91BC942}") = "Aufgabe 10", "Aufgabe 10\Aufgabe 10.vcxproj", "{D94F7DC3-9879-4B6C-B0CF-310B8B3C768F}"
EndProject
Project("{8BC9CEB8-8B4A-11D0-8D11-00A0C91BC942}") = "Aufgabe 11", "Aufgabe 11\Aufgabe 11.vcxproj", "{43FA7955-D6DA-42F3-ACBE-094A46236064}"
EndProject
Project("{8BC9CEB8-8B4A-11D0-8D11-00A0C91BC942}") = "Aufgabe 12", "Aufgabe 12\Aufgabe 12.vcxproj", "{E5EE2EAA-642F-4FD4-A35A-6C10494FE5D3}"
EndProject
Project("{8BC9CEB8-8B4A-11D0-8D11-00A0C91BC942}") = "Aufgabe 13", "Aufgabe 13\Aufgabe 13.vcxproj", "{40FB2685-D4FB-4ADB-B237-90EA1A5D1847}"
EndProject
Project("{8BC9CEB8-8B4A-11D0-8D11-00A0C91BC942}") = "Aufgabe 14", "Aufgabe 14\Aufgabe 14.vcxproj", "{1836AE86-73C6-40A0-BCA5-DAB365B4B3C0}"
EndProject
Project("{8BC9CEB8-8B4A-11D0-8D11-00A0C91BC942}") = "Aufgabe 15", "Aufgabe 15\Aufgabe 15.vcxproj", "{FDFC3F1F-08D9-4B98-8F0E-3499D6E9C759}"
EndProject
Project("{8BC9CEB8-8B4A-11D0-8D11-00A0C91BC942}") = "Aufgabe 16", "Aufgabe 16\Aufgabe 16.vcxproj", "{BCFDF9D9-5350-4D90-BC45-3C3F839554B4}"
EndProject
Project("{8BC9CEB8-8B4A-11D0-8D11-00A0C91BC942}") = "Aufgabe 17", "Aufgabe 17\Aufgabe 17.vcxproj", "{4A0DFD42-3CD3-4D1B-B72C-1D3568D422D5}"
EndProject
Project("{8BC9CEB8-8B4A-11D0-8D11-00A0C91BC942}") = "Aufgabe 7", "Aufgabe 7\Aufgabe 7.vcxproj", "{646056E2-F156-432B-963A-EDC6E358F1FE}"
EndProject
Project("{8BC9CEB8-8B4A-11D0-8D11-00A0C91BC942}") = "Aufgabe 8", "Aufgabe 8\Aufgabe 8.vcxproj", "{54878CB0-81DF-4E6F-B1AB-15F97F02E8EF}"
EndProject
Project("{8BC9CEB8-8B4A-11D0-8D11-00A0C91BC942}") = "Aufgabe 9", "Aufgabe 9\Aufgabe 9.vcxproj", "{A72B9E2A-F90F-461B-B67D-3D8A0E5E9455}"
EndProject
Global
	GlobalSection(SolutionConfigurationPlatforms) = preSolution
		Debug|x64 = Debug|x64
		Debug|x86 = Debug|x86
		Release|x64 = Release|x64
		Release|x86 = Release|x86
	EndGlobalSection
	GlobalSection(ProjectConfigurationPlatforms) = postSolution
		{FD9F62F0-F756-417E-85E1-E86B09F32AB1}.Debug|x64.ActiveCfg = Debug|x64
		{FD9F62F0-F756-417E-85E1-E86B09F32AB1}.Debug|x64.Build.0 = Debug|x64
		{FD9F62F0-F756-417E-85E1-E86B09F32AB1}.Debug|x86.ActiveCfg = Debug|Win32
		{FD9F62F0-F756-417E-85E1-E86B09F32AB1}.Debug|x86.Build.0 = Debug|Win32
		{FD9F62F0-F756-417E-85E1-E86B09F32AB1}.Release|x64.ActiveCfg = Release|x64
		{FD9F62F0-F756-417E-85E1-E86B09F32AB1}.Release|x64.Build.0 = Release|x64
		{FD9F62F0-F756-417E-85E1-E86B09F32AB1}.Release|x86.ActiveCfg = Release|Win32
		{FD9F62F0-F756-417E-85E1-E86B09F32AB1}.Release|x86.Build.0 = Release|Win32
		{A34A2184-7B5B-4DC7-809A-6DDE4CB17438}.Debug|x64.ActiveCfg = Debug|x64
		{A34A2184-7B5B-4DC7-809A-6DDE4CB17438}.Debug|x64.Build.0 = Debug|x64
		{A34A2184-7B5B-4DC7-809A-6DDE4CB17438}.Debug|x86.ActiveCfg = Debug|Win32
		{A34A2184-7B5B-4DC7-809A-6DDE4CB17438}.Debug|x86.Build.0 = Debug|Win32
		{A34A2184-7B5B-4DC7-809A-6DDE4CB17438}.Release|x64.ActiveCfg = Release|x64
		{A34A2184-7B5B-4DC7-809A-6DDE4CB17438}.Release|x64.Build.0 = Release|x64
		{A34A2184-7B5B-4DC7-809A-6DDE4CB17438}.Release|x86.ActiveCfg = Release|Win32
		{A34A2184-7B5B-4DC7-809A-6DDE4CB17438}.Release|x86.Build.0 = Release|Win32
		{F2270604-ABF3-43C3-AA1F-8C3BAFCDEE18}.Debug|x64.ActiveCfg = Debug|x64
		{F2270604-ABF3-43C3-AA1F-8C3BAFCDEE18}.Debug|x64.Build.0 = Debug|x64
		{F2270604-ABF3-43C3-AA1F-8C3BAFCDEE18}.Debug|x86.ActiveCfg = Debug|Win32
		{F2270604-ABF3-43C3-AA1F-8C3BAFCDEE18}.Debug|x86.Build.0 = Debug|Win32
		{F2270604-ABF3-43C3-AA1F-8C3BAFCDEE18}.Release|x64.ActiveCfg = Release|x64
		{F2270604-ABF3-43C3-AA1F-8C3BAFCDEE18}.Release|x64.Build.0 = Release|x64
		{F2270604-ABF3-43C3-AA1F-8C3BAFCDEE18}.Release|x86.ActiveCfg = Release|Win32
		{F2270604-ABF3-43C3-AA1F-8C3BAFCDEE18}.Release|x86.Build.0 = Release|Win32
		{041A6830-A711-4AEC-95D6-3DED841ACC7E}.Debug|x64.ActiveCfg = Debug|x64
		{041A6830-A711-4AEC-95D6-3DED841ACC7E}.Debug|x64.Build.0 = Debug|x64
		{041A6830-A711-4AEC-95D6-3DED841ACC7E}.Debug|x86.ActiveCfg = Debug|Win32
		{041A6830-A711-4AEC-95D6-3DED841ACC7E}.Debug|x86.Build.0 = Debug|Win32
		{041A6830-A711-4AEC-95D6-3DED841ACC7E}.Release|x64.ActiveCfg = Release|x64
		{041A6830-A711-4AEC-95D6-3DED841ACC7E}.Release|x64.Build.0 = Release|x64
		{041A6830-A711-4AEC-95D6-3DED841ACC7E}.Release|x86.ActiveCfg = Release|Win32
		{041A6830-A711-4AEC-95D6-3DED841ACC7E}.Release|x86.Build.0 = Release|Win32
		{40B74BC8-9435-4BD5-B2B8-27FEF66B8873}.Debug|x64.ActiveCfg = Debug|x64
		{40B74BC8-9435-4BD5-B2B8-27FEF66B8873}.Debug|x64.Build.0 = Debug|x64
		{40B74BC8-9435-4BD5-B2B8-27FEF66B8873}.Debug|x86.ActiveCfg = Debug|Win32
		{40B74BC8-9435-4BD5-B2B8-27FEF66B8873}.Debug|x86.Build.0 = Debug|Win32
		{40B74BC8-9435-4BD5-B2B8-27FEF66B8873}.Release|x64.ActiveCfg = Release|x64
		{40B74BC8-9435-4BD5-B2B8-27FEF66B8873}.Release|x64.Build.0 = Release|x64
		{40B74BC8-9435-4BD5-B2B8-27FEF66B8873}.Release|x86.ActiveCfg = Release|Win32
		{40B74BC8-9435-4BD5-B2B8-27FEF66B8873}.Release|x86.Build.0 = Release|Win32
		{D94F7DC3-9879-4B6C-B0CF-310B8B3C768F}.Debug|x64.ActiveCfg = Debug|x64
		{D94F7DC3-9879-4B6C-B0CF-310B8B3C768F}.Debug|x64.Build.0 = Debug|x64
		{D94F7DC3-9879-4B6C-B0CF-310B8B3C768F}.Debug|x86.ActiveCfg = Debug|Win32
		{D94F7DC3-9879-4B6C-B0CF-310B8B3C768F}.Debug|x86.Build.0 = Debug|Win32
		{D94F7DC3-9879-4B6C-B0CF-310B8B3C768F}.Release|x64.ActiveCfg = Release|x64
		{D94F7DC3-9879-4B6C-B0CF-310B8B3C768F}.Release|x64.Build.0 = Release|x64
		{D94F7DC3-9879-4B6C-B0CF-310B8B3C768F}.Release|x86.ActiveCfg = Release|Win32
		{D94F7DC3-9879-4B6C-B0CF-310B8B3C768F}.Release|x86.Build.0 = Release|Win32
		{43FA7955-D6DA-42F3-ACBE-094A46236064}.Debug|x64.ActiveCfg = Debug|x64
		{43FA7955-D6DA-42F3-ACBE-094A46236064}.Debug|x64.Build.0 = Debug|x64
		{43FA7955-D6DA-42F3-ACBE-094A46236064}.Debug|x86.ActiveCfg = Debug|Win32
		{43FA7955-D6DA-42F3-ACBE-094A46236064}.Debug|x86.Build.0 = Debug|Win32
		{43FA7955-D6DA-42F3-ACBE-094A46236064}.Release|x64.ActiveCfg = Release|x64
		{43FA7955-D6DA-42F3-ACBE-094A46236064}.Release|x64.Build.0 = Release|x64
		{43FA7955-D6DA-42F3-ACBE-094A46236064}.Release|x86.ActiveCfg = Release|Win32
		{43FA7955-D6DA-42F3-ACBE-094A46236064}.Release|x86.Build.0 = Release|Win32
		{E5EE2EAA-642F-4FD4-A35A-6C10494FE5D3}.Debug|x64.ActiveCfg = Debug|x64
		{E5EE2EAA-642F-4FD4-A35A-6C10494FE5D3}.Debug|x64.Build.0 = Debug|x64
		{E5EE2EAA-642F-4FD4-A35A-6C10494FE5D3}.Debug|x86.ActiveCfg = Debug|Win32
		{E5EE2EAA-642F-4FD4-A35A-6C10494FE5D3}.Debug|x86.Build.0 = Debug|Win32
		{E5EE2EAA-642F-4FD4-A35A-6C10494FE5D3}.Release|x64.ActiveCfg = Release|x64
		{E5EE2EAA-642F-4FD4-A35A-6C10494FE5D3}.Release|x64.Build.0 = Release|x64
		{E5EE2EAA-642F-4FD4-A35A-6C10494FE5D3}.Release|x86.ActiveCfg = Release|Win32
		{E5EE2EAA-642F-4FD4-A35A-6C10494FE5D3}.Release|x86.Build.0 = Release|Win32
		{40FB2685-D4FB-4ADB-B237-90EA1A5D1847}.Debug|x64.ActiveCfg = Debug|x64
		{40FB2685-D4FB-4ADB-B237-90EA1A5D1847}.Debug|x64.Build.0 = Debug|x64
		{40FB2685-D4FB-4ADB-B237-90EA1A5D1847}.Debug|x86.ActiveCfg = Debug|Win32
		{40FB2685-D4FB-4ADB-B237-90EA1A5D1847}.Debug|x86.Build.0 = Debug|Win32
		{40FB2685-D4FB-4ADB-B237-90EA1A5D1847}.Release|x64.ActiveCfg = Release|x64
		{40FB2685-D4FB-4ADB-B237-90EA1A5D1847}.Release|x64.Build.0 = Release|x64
		{40FB2685-D4FB-4ADB-B237-90EA1A5D1847}.Release|x86.ActiveCfg = Release|Win32
		{40FB2685-D4FB-4ADB-B237-90EA1A5D1847}.Release|x86.Build.0 = Release|Win32
		{1836AE86-73C6-40A0-BCA5-DAB365B4B3C0}.Debug|x64.ActiveCfg = Debug|x64
		{1836AE86-73C6-40A0-BCA5-DAB365B4B3C0}.Debug|x64.Build.0 = Debug|x64
		{1836AE86-73C6-40A0-BCA5-DAB365B4B3C0}.Debug|x86.ActiveCfg = Debug|Win32
		{1836AE86-73C6-40A0-BCA5-DAB365B4B3C0}.Debug|x86.Build.0 = Debug|Win32
		{1836AE86-73C6-40A0-BCA5-DAB365B4B3C0}.Release|x64.ActiveCfg = Release|x64
		{1836AE86-73C6-40A0-BCA5-DAB365B4B3C0}.Release|x64.Build.0 = Release|x64
		{1836AE86-73C6-40A0-BCA5-DAB365B4B3C0}.Release|x86.ActiveCfg = Release|Win32
		{1836AE86-73C6-40A0-BCA5-DAB365B4B3C0}.Release|x86.Build.0 = Release|Win32
		{FDFC3F1F-08D9-4B98-8F0E-3499D6E9C759}.Debug|x64.ActiveCfg = Debug|x64
		{FDFC3F1F-08D9-4B98-8F0E-3499D6E9C759}.Debug|x64.Build.0 = Debug|x64
		{FDFC3F1F-08D9-4B98-8F0E-3499D6E9C759}.Debug|x86.ActiveCfg = Debug|Win32
		{FDFC3F1F-08D9-4B98-8F0E-3499D6E9C759}.Debug|x86.Build.0 = Debug|Win32
		{FDFC3F1F-08D9-4B98-8F0E-3499D6E9C759}.Release|x64.ActiveCfg = Release|x64
		{FDFC3F1F-08D9-4B98-8F0E-3499D6E9C759}.Release|x64.Build.0 = Release|x64
		{FDFC3F1F-08D9-4B98-8F0E-3499D6E9C759}.Release|x86.ActiveCfg = Release|Win32
		{FDFC3F1F-08D9-4B98-8F0E-3499D6E9C759}.Release|x86.Build.0 = Release|Win32
		{BCFDF9D9-5350-4D90-BC45-3C3F839554B4}.Debug|x64.ActiveCfg = Debug|x64
		{BCFDF9D9-5350-4D90-BC45-3C3F839554B4}.Debug|x64.Build.0 = Debug|x64
		{BCFDF9D9-5350-4D90-BC45-3C3F839554B4}.Debug|x86.ActiveCfg = Debug|Win32
		{BCFDF9D9-5350-4D90-BC45-3C3F839554B4}.Debug|x86.Build.0 = Debug|Win32
		{BCFDF9D9-5350-4D90-BC45-3C3F839554B4}.Release|x64.ActiveCfg = Release|x64
		{BCFDF9D9-5350-4D90-BC45-3C3F839554B4}.Release|x64.Build.0 = Release|x64
		{BCFDF9D9-5350-4D90-BC45-3C3F839554B4}.Release|x86.ActiveCfg = Release|Win32
		{BCFDF9D9-5350-4D90-BC45-3C3F839554B4}.Release|x86.Build.0 = Release|Win32
		{4A0DFD42-3CD3-4D1B-B72C-1D3568D422D5}.Debug|x64.ActiveCfg = Debug|x64
		{4A0DFD42-3CD3-4D1B-B72C-1D3568D422D5}.Debug|x64.Build.0 = Debug|x64
		{4A0DFD42-3CD3-4D1B-B72C-1D3568D422D5}.Debug|x86.ActiveCfg = Debug|Win32
		{4A0DFD42-3CD3-4D1B-B72C-1D3568D422D5}.Debug|x86.Build.0 = Debug|Win32
		{4A0DFD42-3CD3-4D1B-B72C-1D3568D422D5}.Release|x64.ActiveCfg = Release|x64
		{4A0DFD42-3CD3-4D1B-B72C-1D3568D422D5}.Release|x64.Build.0 = Release|x64
		{4A0DFD42-3CD3-4D1B-B72C-1D3568D422D5}.Release|x86.ActiveCfg = Release|Win32
		{4A0DFD42-3CD3-4D1B-B72C-1D3568D422D5}.Release|x86.Build.0 = Release|Win32
		{646056E2-F156-432B-963A-EDC6E358F1FE}.Debug|x64.ActiveCfg = Debug|x64
		{646056E2-F156-432B-963A-EDC6E358F1FE}.Debug|x64.Build.0 = Debug|x64
		{646056E2-F156-432B-963A-EDC6E358F1FE}.Debug|x86.ActiveCfg = Debug|Win32
		{646056E2-F156-432B-963A-EDC6E358F1FE}.Debug|x86.Build.0 = Debug|Win32
		{646056E2-F156-432B-963A-EDC6E358F1FE}.Release|x64.ActiveCfg = Release|x64
		{646056E2-F156-432B-963A-EDC6E358F1FE}.Release|x64.Build.0 = Release|x64
		{646056E2-F156-432B-963A-EDC6E358F1FE}.Release|x86.ActiveCfg = Release|Win32
		{646056E2-F156-432B-963A-EDC6E358F1FE}.Release|x86.Build.0 = Release|Win32
		{54878CB0-81DF-4E6F-B1AB-15F97F02E8EF}.Debug|x64.ActiveCfg = Debug|x64
		{54878CB0-81DF-4E6F-B1AB-15F97F02E8EF}.Debug|x64.Build.0 = Debug|x64
		{54878CB0-81DF-4E6F-B1AB-15F97F02E8EF}.Debug|x86.ActiveCfg = Debug|Win32
		{54878CB0-81DF-4E6F-B1AB-15F97F02E8EF}.Debug|x86.Build.0 = Debug|Win32
		{54878CB0-81DF-4E6F-B1AB-15F97F02E8EF}.Release|x64.ActiveCfg = Release|x64
		{54878CB0-81DF-4E6F-B1AB-15F97F02E8EF}.Release|x64.Build.0 = Release|x64
		{54878CB0-81DF-4E6F-B1AB-15F97F02E8EF}.Release|x86.ActiveCfg = Release|Win32
		{54878CB0-81DF-4E6F-B1AB-15F97F02E8EF}.Release|x86.Build.0 = Release|Win32
		{A72B9E2A-F90F-461B-B67D-3D8A0E5E9455}.Debug|x64.ActiveCfg = Debug|x64
		{A72B9E2A-F90F-461B-B67D-3D8A0E5E9455}.Debug|x64.Build.0 = Debug|x64
		{A72B9E2A-F90F-461B-B67D-3D8A0E5E9455}.Debug|x86.ActiveCfg = Debug|Win32
		{A72B9E2A-F90F-461B-B67D-3D8A0E5E9455}.Debug|x86.Build.0 = Debug|Win32
		{A72B9E2A-F90F-461B-B67D-3D8A0E5E9455}.Release|x64.ActiveCfg = Release|x64
		{A72B9E2A-F90F-461B-B67D-3D8A0E5E9455}.Release|x64.Build.0 = Release|x64
		{A72B9E2A-F90F-461B-B67D-3D8A0E5E9455}.Release|x86.ActiveCfg = Release|Win32
		{A72B9E2A-F90F-461B-B67D-3D8A0E5E9455}.Release|x86.Build.0 = Release|Win32
	EndGlobalSection
	GlobalSection(SolutionProperties) = preSolution
		HideSolutionNode = FALSE
	EndGlobalSection
	GlobalSection(ExtensibilityGlobals) = postSolution
		SolutionGuid = {D5E391F7-B053-479A-920C-29D31C8F623A}
	EndGlobalSection
EndGlobal
